{
  "name": "socket.io-benchmarks",
  "version": "0.0.1",
  "lockfileVersion": 2,
  "requires": true,
  "packages": {
    "": {
      "name": "socket.io-benchmarks",
      "version": "0.0.1",
      "license": "MIT",
      "dependencies": {
        "@socket.io/admin-ui": "^0.5.1",
        "@socket.io/postgres-adapter": "^0.3.1",
        "eiows": "^3.8.0",
        "pg": "^8.11.3",
        "socket.io": "^4.4.0",
        "socket.io-client": "^4.4.0",
        "uWebSockets.js": "github:uNetworking/uWebSockets.js#v20.4.0"
      }
    },
    "node_modules/@msgpack/msgpack": {
      "version": "2.8.0",
      "resolved": "https://registry.npmjs.org/@msgpack/msgpack/-/msgpack-2.8.0.tgz",
      "integrity": "sha512-h9u4u/jiIRKbq25PM+zymTyW6bhTzELvOoUd+AvYriWOAKpLGnIamaET3pnHYoI5iYphAHBI4ayx0MehR+VVPQ==",
      "engines": {
        "node": ">= 10"
      }
    },
    "node_modules/@socket.io/admin-ui": {
      "version": "0.5.1",
      "resolved": "https://registry.npmjs.org/@socket.io/admin-ui/-/admin-ui-0.5.1.tgz",
      "integrity": "sha512-1dlGL2FGm6T+uL1e6iDvbo2eCINwvW7iVbjIblwh5kPPRM1SP8lmZrbFZf4QNJ/cqQ+JLcx49eXGM9WAB4TK7w==",
      "dependencies": {
        "@types/bcryptjs": "^2.4.2",
        "bcryptjs": "^2.4.3",
        "debug": "~4.3.1"
      },
      "peerDependencies": {
        "socket.io": ">=3.1.0"
      }
    },
    "node_modules/@socket.io/component-emitter": {
      "version": "3.0.0",
      "resolved": "https://registry.npmjs.org/@socket.io/component-emitter/-/component-emitter-3.0.0.tgz",
      "integrity": "sha512-2pTGuibAXJswAPJjaKisthqS/NOK5ypG4LYT6tEAV0S/mxW0zOIvYvGK0V8w8+SHxAm6vRMSjqSalFXeBAqs+Q=="
    },
    "node_modules/@socket.io/postgres-adapter": {
      "version": "0.3.1",
      "resolved": "https://registry.npmjs.org/@socket.io/postgres-adapter/-/postgres-adapter-0.3.1.tgz",
      "integrity": "sha512-8DeSln60sFSdoLL8A8p6nrXlER4lBsvMSAS+G4sqJhudQfGOjhu2AAcKyI/SIDs4p9iO63zTbR4n//ZY0VN2bg==",
      "dependencies": {
        "@msgpack/msgpack": "~2.8.0",
        "@types/pg": "^8.6.6",
        "debug": "~4.3.4",
        "pg": "^8.9.0"
      },
      "engines": {
        "node": ">=12.0.0"
      },
      "peerDependencies": {
        "socket.io-adapter": "^2.4.0"
      }
    },
    "node_modules/@types/bcryptjs": {
      "version": "2.4.6",
      "resolved": "https://registry.npmjs.org/@types/bcryptjs/-/bcryptjs-2.4.6.tgz",
      "integrity": "sha512-9xlo6R2qDs5uixm0bcIqCeMCE6HiQsIyel9KQySStiyqNl2tnj2mP3DX1Nf56MD6KMenNNlBBsy3LJ7gUEQPXQ=="
    },
    "node_modules/@types/component-emitter": {
      "version": "1.2.11",
      "resolved": "https://registry.npmjs.org/@types/component-emitter/-/component-emitter-1.2.11.tgz",
      "integrity": "sha512-SRXjM+tfsSlA9VuG8hGO2nft2p8zjXCK1VcC6N4NXbBbYbSia9kzCChYQajIjzIqOOOuh5Ock6MmV2oux4jDZQ=="
    },
    "node_modules/@types/cookie": {
      "version": "0.4.1",
      "resolved": "https://registry.npmjs.org/@types/cookie/-/cookie-0.4.1.tgz",
      "integrity": "sha512-XW/Aa8APYr6jSVVA1y/DEIZX0/GMKLEVekNG727R8cs56ahETkRAy/3DR7+fJyh7oUgGwNQaRfXCun0+KbWY7Q=="
    },
    "node_modules/@types/cors": {
      "version": "2.8.12",
      "resolved": "https://registry.npmjs.org/@types/cors/-/cors-2.8.12.tgz",
      "integrity": "sha512-vt+kDhq/M2ayberEtJcIN/hxXy1Pk+59g2FV/ZQceeaTyCtCucjL2Q7FXlFjtWn4n15KCr1NE2lNNFhp0lEThw=="
    },
    "node_modules/@types/node": {
      "version": "16.11.11",
      "resolved": "https://registry.npmjs.org/@types/node/-/node-16.11.11.tgz",
      "integrity": "sha512-KB0sixD67CeecHC33MYn+eYARkqTheIRNuu97y2XMjR7Wu3XibO1vaY6VBV6O/a89SPI81cEUIYT87UqUWlZNw=="
    },
    "node_modules/@types/pg": {
      "version": "8.10.9",
      "resolved": "https://registry.npmjs.org/@types/pg/-/pg-8.10.9.tgz",
      "integrity": "sha512-UksbANNE/f8w0wOMxVKKIrLCbEMV+oM1uKejmwXr39olg4xqcfBDbXxObJAt6XxHbDa4XTKOlUEcEltXDX+XLQ==",
      "dependencies": {
        "@types/node": "*",
        "pg-protocol": "*",
        "pg-types": "^4.0.1"
      }
    },
    "node_modules/accepts": {
      "version": "1.3.7",
      "resolved": "https://registry.npmjs.org/accepts/-/accepts-1.3.7.tgz",
      "integrity": "sha512-Il80Qs2WjYlJIBNzNkK6KYqlVMTbZLXgHx2oT0pU/fjRHyEp+PEfEPY0R3WCwAGVOtauxh1hOxNgIf5bv7dQpA==",
      "dependencies": {
        "mime-types": "~2.1.24",
        "negotiator": "0.6.2"
      },
      "engines": {
        "node": ">= 0.6"
      }
    },
    "node_modules/backo2": {
      "version": "1.0.2",
      "resolved": "https://registry.npmjs.org/backo2/-/backo2-1.0.2.tgz",
      "integrity": "sha1-MasayLEpNjRj41s+u2n038+6eUc="
    },
    "node_modules/base64-arraybuffer": {
      "version": "1.0.1",
      "resolved": "https://registry.npmjs.org/base64-arraybuffer/-/base64-arraybuffer-1.0.1.tgz",
      "integrity": "sha512-vFIUq7FdLtjZMhATwDul5RZWv2jpXQ09Pd6jcVEOvIsqCWTRFD/ONHNfyOS8dA/Ippi5dsIgpyKWKZaAKZltbA==",
      "engines": {
        "node": ">= 0.6.0"
      }
    },
    "node_modules/base64id": {
      "version": "2.0.0",
      "resolved": "https://registry.npmjs.org/base64id/-/base64id-2.0.0.tgz",
      "integrity": "sha512-lGe34o6EHj9y3Kts9R4ZYs/Gr+6N7MCaMlIFA3F1R2O5/m7K06AxfSeO5530PEERE6/WyEg3lsuyw4GHlPZHog==",
      "engines": {
        "node": "^4.5.0 || >= 5.9"
      }
    },
    "node_modules/bcryptjs": {
      "version": "2.4.3",
      "resolved": "https://registry.npmjs.org/bcryptjs/-/bcryptjs-2.4.3.tgz",
      "integrity": "sha512-V/Hy/X9Vt7f3BbPJEi8BdVFMByHi+jNXrYkW3huaybV/kQ0KJg0Y6PkEMbn+zeT+i+SiKZ/HMqJGIIt4LZDqNQ=="
    },
    "node_modules/buffer-writer": {
      "version": "2.0.0",
      "resolved": "https://registry.npmjs.org/buffer-writer/-/buffer-writer-2.0.0.tgz",
      "integrity": "sha512-a7ZpuTZU1TRtnwyCNW3I5dc0wWNC3VR9S++Ewyk2HHZdrO3CQJqSpd+95Us590V6AL7JqUAH2IwZ/398PmNFgw==",
      "engines": {
        "node": ">=4"
      }
    },
    "node_modules/component-emitter": {
      "version": "1.3.0",
      "resolved": "https://registry.npmjs.org/component-emitter/-/component-emitter-1.3.0.tgz",
      "integrity": "sha512-Rd3se6QB+sO1TwqZjscQrurpEPIfO0/yYnSin6Q/rD3mOutHvUrCAhJub3r90uNb+SESBuE0QYoB90YdfatsRg=="
    },
    "node_modules/cookie": {
      "version": "0.4.1",
      "resolved": "https://registry.npmjs.org/cookie/-/cookie-0.4.1.tgz",
      "integrity": "sha512-ZwrFkGJxUR3EIoXtO+yVE69Eb7KlixbaeAWfBQB9vVsNn/o+Yw69gBWSSDK825hQNdN+wF8zELf3dFNl/kxkUA==",
      "engines": {
        "node": ">= 0.6"
      }
    },
    "node_modules/cors": {
      "version": "2.8.5",
      "resolved": "https://registry.npmjs.org/cors/-/cors-2.8.5.tgz",
      "integrity": "sha512-KIHbLJqu73RGr/hnbrO9uBeixNGuvSQjul/jdFvS/KFSIH1hWVd1ng7zOHx+YrEfInLG7q4n6GHQ9cDtxv/P6g==",
      "dependencies": {
        "object-assign": "^4",
        "vary": "^1"
      },
      "engines": {
        "node": ">= 0.10"
      }
    },
    "node_modules/debug": {
      "version": "4.3.4",
      "resolved": "https://registry.npmjs.org/debug/-/debug-4.3.4.tgz",
      "integrity": "sha512-PRWFHuSU3eDtQJPvnNY7Jcket1j0t5OuOsFzPPzsekD52Zl8qUfFIPEiswXqIvHWGVHOgX+7G/vCNNhehwxfkQ==",
      "dependencies": {
        "ms": "2.1.2"
      },
      "engines": {
        "node": ">=6.0"
      },
      "peerDependenciesMeta": {
        "supports-color": {
          "optional": true
        }
      }
    },
    "node_modules/eiows": {
      "version": "3.8.0",
      "resolved": "https://registry.npmjs.org/eiows/-/eiows-3.8.0.tgz",
      "integrity": "sha512-ElPW+EakV8NSsA5QWJCWEx88LO/xyqMFilvsZ4P9+uyVS4ikbq2zndnYC++XLKysC+c922bGkAKeNrqWNmwNyg==",
      "hasInstallScript": true,
      "engines": {
        "node": ">=8.12.0 <18.0"
      }
    },
    "node_modules/engine.io": {
      "version": "6.1.0",
      "resolved": "https://registry.npmjs.org/engine.io/-/engine.io-6.1.0.tgz",
      "integrity": "sha512-ErhZOVu2xweCjEfYcTdkCnEYUiZgkAcBBAhW4jbIvNG8SLU3orAqoJCiytZjYF7eTpVmmCrLDjLIEaPlUAs1uw==",
      "dependencies": {
        "@types/cookie": "^0.4.1",
        "@types/cors": "^2.8.12",
        "@types/node": ">=10.0.0",
        "accepts": "~1.3.4",
        "base64id": "2.0.0",
        "cookie": "~0.4.1",
        "cors": "~2.8.5",
        "debug": "~4.3.1",
        "engine.io-parser": "~5.0.0",
        "ws": "~8.2.3"
      },
      "engines": {
        "node": ">=10.0.0"
      }
    },
    "node_modules/engine.io-client": {
      "version": "6.1.1",
      "resolved": "https://registry.npmjs.org/engine.io-client/-/engine.io-client-6.1.1.tgz",
      "integrity": "sha512-V05mmDo4gjimYW+FGujoGmmmxRaDsrVr7AXA3ZIfa04MWM1jOfZfUwou0oNqhNwy/votUDvGDt4JA4QF4e0b4g==",
      "dependencies": {
        "@socket.io/component-emitter": "~3.0.0",
        "debug": "~4.3.1",
        "engine.io-parser": "~5.0.0",
        "has-cors": "1.1.0",
        "parseqs": "0.0.6",
        "parseuri": "0.0.6",
        "ws": "~8.2.3",
        "xmlhttprequest-ssl": "~2.0.0",
        "yeast": "0.1.2"
      }
    },
    "node_modules/engine.io-parser": {
      "version": "5.0.2",
      "resolved": "https://registry.npmjs.org/engine.io-parser/-/engine.io-parser-5.0.2.tgz",
      "integrity": "sha512-wuiO7qO/OEkPJSFueuATIXtrxF7/6GTbAO9QLv7nnbjwZ5tYhLm9zxvLwxstRs0dcT0KUlWTjtIOs1T86jt12g==",
      "dependencies": {
        "base64-arraybuffer": "~1.0.1"
      },
      "engines": {
        "node": ">=10.0.0"
      }
    },
    "node_modules/has-cors": {
      "version": "1.1.0",
      "resolved": "https://registry.npmjs.org/has-cors/-/has-cors-1.1.0.tgz",
      "integrity": "sha1-XkdHk/fqmEPRu5nCPu9J/xJv/zk="
    },
    "node_modules/mime-db": {
      "version": "1.51.0",
      "resolved": "https://registry.npmjs.org/mime-db/-/mime-db-1.51.0.tgz",
      "integrity": "sha512-5y8A56jg7XVQx2mbv1lu49NR4dokRnhZYTtL+KGfaa27uq4pSTXkwQkFJl4pkRMyNFz/EtYDSkiiEHx3F7UN6g==",
      "engines": {
        "node": ">= 0.6"
      }
    },
    "node_modules/mime-types": {
      "version": "2.1.34",
      "resolved": "https://registry.npmjs.org/mime-types/-/mime-types-2.1.34.tgz",
      "integrity": "sha512-6cP692WwGIs9XXdOO4++N+7qjqv0rqxxVvJ3VHPh/Sc9mVZcQP+ZGhkKiTvWMQRr2tbHkJP/Yn7Y0npb3ZBs4A==",
      "dependencies": {
        "mime-db": "1.51.0"
      },
      "engines": {
        "node": ">= 0.6"
      }
    },
    "node_modules/ms": {
      "version": "2.1.2",
      "resolved": "https://registry.npmjs.org/ms/-/ms-2.1.2.tgz",
      "integrity": "sha512-sGkPx+VjMtmA6MX27oA4FBFELFCZZ4S4XqeGOXCv68tT+jb3vk/RyaKWP0PTKyWtmLSM0b+adUTEvbs1PEaH2w=="
    },
    "node_modules/negotiator": {
      "version": "0.6.2",
      "resolved": "https://registry.npmjs.org/negotiator/-/negotiator-0.6.2.tgz",
      "integrity": "sha512-hZXc7K2e+PgeI1eDBe/10Ard4ekbfrrqG8Ep+8Jmf4JID2bNg7NvCPOZN+kfF574pFQI7mum2AUqDidoKqcTOw==",
      "engines": {
        "node": ">= 0.6"
      }
    },
    "node_modules/object-assign": {
      "version": "4.1.1",
      "resolved": "https://registry.npmjs.org/object-assign/-/object-assign-4.1.1.tgz",
      "integrity": "sha1-IQmtx5ZYh8/AXLvUQsrIv7s2CGM=",
      "engines": {
        "node": ">=0.10.0"
      }
    },
    "node_modules/obuf": {
      "version": "1.1.2",
      "resolved": "https://registry.npmjs.org/obuf/-/obuf-1.1.2.tgz",
      "integrity": "sha512-PX1wu0AmAdPqOL1mWhqmlOd8kOIZQwGZw6rh7uby9fTc5lhaOWFLX3I6R1hrF9k3zUY40e6igsLGkDXK92LJNg=="
    },
    "node_modules/packet-reader": {
      "version": "1.0.0",
      "resolved": "https://registry.npmjs.org/packet-reader/-/packet-reader-1.0.0.tgz",
      "integrity": "sha512-HAKu/fG3HpHFO0AA8WE8q2g+gBJaZ9MG7fcKk+IJPLTGAD6Psw4443l+9DGRbOIh3/aXr7Phy0TjilYivJo5XQ=="
    },
    "node_modules/parseqs": {
      "version": "0.0.6",
      "resolved": "https://registry.npmjs.org/parseqs/-/parseqs-0.0.6.tgz",
      "integrity": "sha512-jeAGzMDbfSHHA091hr0r31eYfTig+29g3GKKE/PPbEQ65X0lmMwlEoqmhzu0iztID5uJpZsFlUPDP8ThPL7M8w=="
    },
    "node_modules/parseuri": {
      "version": "0.0.6",
      "resolved": "https://registry.npmjs.org/parseuri/-/parseuri-0.0.6.tgz",
      "integrity": "sha512-AUjen8sAkGgao7UyCX6Ahv0gIK2fABKmYjvP4xmy5JaKvcbTRueIqIPHLAfq30xJddqSE033IOMUSOMCcK3Sow=="
    },
    "node_modules/pg": {
      "version": "8.11.3",
      "resolved": "https://registry.npmjs.org/pg/-/pg-8.11.3.tgz",
      "integrity": "sha512-+9iuvG8QfaaUrrph+kpF24cXkH1YOOUeArRNYIxq1viYHZagBxrTno7cecY1Fa44tJeZvaoG+Djpkc3JwehN5g==",
      "dependencies": {
        "buffer-writer": "2.0.0",
        "packet-reader": "1.0.0",
        "pg-connection-string": "^2.6.2",
        "pg-pool": "^3.6.1",
        "pg-protocol": "^1.6.0",
        "pg-types": "^2.1.0",
        "pgpass": "1.x"
      },
      "engines": {
        "node": ">= 8.0.0"
      },
      "optionalDependencies": {
        "pg-cloudflare": "^1.1.1"
      },
      "peerDependencies": {
        "pg-native": ">=3.0.1"
      },
      "peerDependenciesMeta": {
        "pg-native": {
          "optional": true
        }
      }
    },
    "node_modules/pg-cloudflare": {
      "version": "1.1.1",
      "resolved": "https://registry.npmjs.org/pg-cloudflare/-/pg-cloudflare-1.1.1.tgz",
      "integrity": "sha512-xWPagP/4B6BgFO+EKz3JONXv3YDgvkbVrGw2mTo3D6tVDQRh1e7cqVGvyR3BE+eQgAvx1XhW/iEASj4/jCWl3Q==",
      "optional": true
    },
    "node_modules/pg-connection-string": {
      "version": "2.6.2",
      "resolved": "https://registry.npmjs.org/pg-connection-string/-/pg-connection-string-2.6.2.tgz",
      "integrity": "sha512-ch6OwaeaPYcova4kKZ15sbJ2hKb/VP48ZD2gE7i1J+L4MspCtBMAx8nMgz7bksc7IojCIIWuEhHibSMFH8m8oA=="
    },
    "node_modules/pg-int8": {
      "version": "1.0.1",
      "resolved": "https://registry.npmjs.org/pg-int8/-/pg-int8-1.0.1.tgz",
      "integrity": "sha512-WCtabS6t3c8SkpDBUlb1kjOs7l66xsGdKpIPZsg4wR+B3+u9UAum2odSsF9tnvxg80h4ZxLWMy4pRjOsFIqQpw==",
      "engines": {
        "node": ">=4.0.0"
      }
    },
    "node_modules/pg-numeric": {
      "version": "1.0.2",
      "resolved": "https://registry.npmjs.org/pg-numeric/-/pg-numeric-1.0.2.tgz",
      "integrity": "sha512-BM/Thnrw5jm2kKLE5uJkXqqExRUY/toLHda65XgFTBTFYZyopbKjBe29Ii3RbkvlsMoFwD+tHeGaCjjv0gHlyw==",
      "engines": {
        "node": ">=4"
      }
    },
    "node_modules/pg-pool": {
      "version": "3.6.1",
      "resolved": "https://registry.npmjs.org/pg-pool/-/pg-pool-3.6.1.tgz",
      "integrity": "sha512-jizsIzhkIitxCGfPRzJn1ZdcosIt3pz9Sh3V01fm1vZnbnCMgmGl5wvGGdNN2EL9Rmb0EcFoCkixH4Pu+sP9Og==",
      "peerDependencies": {
        "pg": ">=8.0"
      }
    },
    "node_modules/pg-protocol": {
      "version": "1.6.0",
      "resolved": "https://registry.npmjs.org/pg-protocol/-/pg-protocol-1.6.0.tgz",
      "integrity": "sha512-M+PDm637OY5WM307051+bsDia5Xej6d9IR4GwJse1qA1DIhiKlksvrneZOYQq42OM+spubpcNYEo2FcKQrDk+Q=="
    },
    "node_modules/pg-types": {
      "version": "4.0.1",
      "resolved": "https://registry.npmjs.org/pg-types/-/pg-types-4.0.1.tgz",
      "integrity": "sha512-hRCSDuLII9/LE3smys1hRHcu5QGcLs9ggT7I/TCs0IE+2Eesxi9+9RWAAwZ0yaGjxoWICF/YHLOEjydGujoJ+g==",
      "dependencies": {
        "pg-int8": "1.0.1",
        "pg-numeric": "1.0.2",
        "postgres-array": "~3.0.1",
        "postgres-bytea": "~3.0.0",
        "postgres-date": "~2.0.1",
        "postgres-interval": "^3.0.0",
        "postgres-range": "^1.1.1"
      },
      "engines": {
        "node": ">=10"
      }
    },
    "node_modules/pg/node_modules/pg-types": {
      "version": "2.2.0",
      "resolved": "https://registry.npmjs.org/pg-types/-/pg-types-2.2.0.tgz",
      "integrity": "sha512-qTAAlrEsl8s4OiEQY69wDvcMIdQN6wdz5ojQiOy6YRMuynxenON0O5oCpJI6lshc6scgAY8qvJ2On/p+CXY0GA==",
      "dependencies": {
        "pg-int8": "1.0.1",
        "postgres-array": "~2.0.0",
        "postgres-bytea": "~1.0.0",
        "postgres-date": "~1.0.4",
        "postgres-interval": "^1.1.0"
      },
      "engines": {
        "node": ">=4"
      }
    },
    "node_modules/pg/node_modules/postgres-array": {
      "version": "2.0.0",
      "resolved": "https://registry.npmjs.org/postgres-array/-/postgres-array-2.0.0.tgz",
      "integrity": "sha512-VpZrUqU5A69eQyW2c5CA1jtLecCsN2U/bD6VilrFDWq5+5UIEVO7nazS3TEcHf1zuPYO/sqGvUvW62g86RXZuA==",
      "engines": {
        "node": ">=4"
      }
    },
    "node_modules/pg/node_modules/postgres-bytea": {
      "version": "1.0.0",
      "resolved": "https://registry.npmjs.org/postgres-bytea/-/postgres-bytea-1.0.0.tgz",
      "integrity": "sha512-xy3pmLuQqRBZBXDULy7KbaitYqLcmxigw14Q5sj8QBVLqEwXfeybIKVWiqAXTlcvdvb0+xkOtDbfQMOf4lST1w==",
      "engines": {
        "node": ">=0.10.0"
      }
    },
    "node_modules/pg/node_modules/postgres-date": {
      "version": "1.0.7",
      "resolved": "https://registry.npmjs.org/postgres-date/-/postgres-date-1.0.7.tgz",
      "integrity": "sha512-suDmjLVQg78nMK2UZ454hAG+OAW+HQPZ6n++TNDUX+L0+uUlLywnoxJKDou51Zm+zTCjrCl0Nq6J9C5hP9vK/Q==",
      "engines": {
        "node": ">=0.10.0"
      }
    },
    "node_modules/pg/node_modules/postgres-interval": {
      "version": "1.2.0",
      "resolved": "https://registry.npmjs.org/postgres-interval/-/postgres-interval-1.2.0.tgz",
      "integrity": "sha512-9ZhXKM/rw350N1ovuWHbGxnGh/SNJ4cnxHiM0rxE4VN41wsg8P8zWn9hv/buK00RP4WvlOyr/RBDiptyxVbkZQ==",
      "dependencies": {
        "xtend": "^4.0.0"
      },
      "engines": {
        "node": ">=0.10.0"
      }
    },
    "node_modules/pgpass": {
      "version": "1.0.5",
      "resolved": "https://registry.npmjs.org/pgpass/-/pgpass-1.0.5.tgz",
      "integrity": "sha512-FdW9r/jQZhSeohs1Z3sI1yxFQNFvMcnmfuj4WBMUTxOrAyLMaTcE1aAMBiTlbMNaXvBCQuVi0R7hd8udDSP7ug==",
      "dependencies": {
        "split2": "^4.1.0"
      }
    },
    "node_modules/postgres-array": {
      "version": "3.0.2",
      "resolved": "https://registry.npmjs.org/postgres-array/-/postgres-array-3.0.2.tgz",
      "integrity": "sha512-6faShkdFugNQCLwucjPcY5ARoW1SlbnrZjmGl0IrrqewpvxvhSLHimCVzqeuULCbG0fQv7Dtk1yDbG3xv7Veog==",
      "engines": {
        "node": ">=12"
      }
    },
    "node_modules/postgres-bytea": {
      "version": "3.0.0",
      "resolved": "https://registry.npmjs.org/postgres-bytea/-/postgres-bytea-3.0.0.tgz",
      "integrity": "sha512-CNd4jim9RFPkObHSjVHlVrxoVQXz7quwNFpz7RY1okNNme49+sVyiTvTRobiLV548Hx/hb1BG+iE7h9493WzFw==",
      "dependencies": {
        "obuf": "~1.1.2"
      },
      "engines": {
        "node": ">= 6"
      }
    },
    "node_modules/postgres-date": {
      "version": "2.0.1",
      "resolved": "https://registry.npmjs.org/postgres-date/-/postgres-date-2.0.1.tgz",
      "integrity": "sha512-YtMKdsDt5Ojv1wQRvUhnyDJNSr2dGIC96mQVKz7xufp07nfuFONzdaowrMHjlAzY6GDLd4f+LUHHAAM1h4MdUw==",
      "engines": {
        "node": ">=12"
      }
    },
    "node_modules/postgres-interval": {
      "version": "3.0.0",
      "resolved": "https://registry.npmjs.org/postgres-interval/-/postgres-interval-3.0.0.tgz",
      "integrity": "sha512-BSNDnbyZCXSxgA+1f5UU2GmwhoI0aU5yMxRGO8CdFEcY2BQF9xm/7MqKnYoM1nJDk8nONNWDk9WeSmePFhQdlw==",
      "engines": {
        "node": ">=12"
      }
    },
    "node_modules/postgres-range": {
      "version": "1.1.3",
      "resolved": "https://registry.npmjs.org/postgres-range/-/postgres-range-1.1.3.tgz",
      "integrity": "sha512-VdlZoocy5lCP0c/t66xAfclglEapXPCIVhqqJRncYpvbCgImF0w67aPKfbqUMr72tO2k5q0TdTZwCLjPTI6C9g=="
    },
    "node_modules/socket.io": {
      "version": "4.4.0",
      "resolved": "https://registry.npmjs.org/socket.io/-/socket.io-4.4.0.tgz",
      "integrity": "sha512-bnpJxswR9ov0Bw6ilhCvO38/1WPtE3eA2dtxi2Iq4/sFebiDJQzgKNYA7AuVVdGW09nrESXd90NbZqtDd9dzRQ==",
      "dependencies": {
        "accepts": "~1.3.4",
        "base64id": "~2.0.0",
        "debug": "~4.3.2",
        "engine.io": "~6.1.0",
        "socket.io-adapter": "~2.3.3",
        "socket.io-parser": "~4.0.4"
      },
      "engines": {
        "node": ">=10.0.0"
      }
    },
    "node_modules/socket.io-adapter": {
      "version": "2.3.3",
      "resolved": "https://registry.npmjs.org/socket.io-adapter/-/socket.io-adapter-2.3.3.tgz",
      "integrity": "sha512-Qd/iwn3VskrpNO60BeRyCyr8ZWw9CPZyitW4AQwmRZ8zCiyDiL+znRnWX6tDHXnWn1sJrM1+b6Mn6wEDJJ4aYQ=="
    },
    "node_modules/socket.io-client": {
      "version": "4.4.0",
      "resolved": "https://registry.npmjs.org/socket.io-client/-/socket.io-client-4.4.0.tgz",
      "integrity": "sha512-g7riSEJXi7qCFImPow98oT8X++MSsHz6MMFRXkWNJ6uEROSHOa3kxdrsYWMq85dO+09CFMkcqlpjvbVXQl4z6g==",
      "dependencies": {
        "@socket.io/component-emitter": "~3.0.0",
        "backo2": "~1.0.2",
        "debug": "~4.3.2",
        "engine.io-client": "~6.1.1",
        "parseuri": "0.0.6",
        "socket.io-parser": "~4.1.1"
      },
      "engines": {
        "node": ">=10.0.0"
      }
    },
    "node_modules/socket.io-client/node_modules/socket.io-parser": {
      "version": "4.1.1",
      "resolved": "https://registry.npmjs.org/socket.io-parser/-/socket.io-parser-4.1.1.tgz",
      "integrity": "sha512-USQVLSkDWE5nbcY760ExdKaJxCE65kcsG/8k5FDGZVVxpD1pA7hABYXYkCUvxUuYYh/+uQw0N/fvBzfT8o07KA==",
      "dependencies": {
        "@socket.io/component-emitter": "~3.0.0",
        "debug": "~4.3.1"
      },
      "engines": {
        "node": ">=10.0.0"
      }
    },
    "node_modules/socket.io-parser": {
      "version": "4.0.4",
      "resolved": "https://registry.npmjs.org/socket.io-parser/-/socket.io-parser-4.0.4.tgz",
      "integrity": "sha512-t+b0SS+IxG7Rxzda2EVvyBZbvFPBCjJoyHuE0P//7OAsN23GItzDRdWa6ALxZI/8R5ygK7jAR6t028/z+7295g==",
      "dependencies": {
        "@types/component-emitter": "^1.2.10",
        "component-emitter": "~1.3.0",
        "debug": "~4.3.1"
      },
      "engines": {
        "node": ">=10.0.0"
      }
    },
    "node_modules/split2": {
      "version": "4.2.0",
      "resolved": "https://registry.npmjs.org/split2/-/split2-4.2.0.tgz",
      "integrity": "sha512-UcjcJOWknrNkF6PLX83qcHM6KHgVKNkV62Y8a5uYDVv9ydGQVwAHMKqHdJje1VTWpljG0WYpCDhrCdAOYH4TWg==",
      "engines": {
        "node": ">= 10.x"
      }
    },
    "node_modules/uWebSockets.js": {
      "version": "20.4.0",
      "resolved": "git+ssh://git@github.com/uNetworking/uWebSockets.js.git#65f39bdff763be3883e6cf18e433dd4fec155845",
      "integrity": "sha512-GsguWAmL1cBg41I3dD28fPPSfyW+r3nB0D3z8QoxypPoDYnx205PO0bafwM1zTXjafagWFWCFvFhFJ9rxl9HpQ=="
    },
    "node_modules/vary": {
      "version": "1.1.2",
      "resolved": "https://registry.npmjs.org/vary/-/vary-1.1.2.tgz",
      "integrity": "sha1-IpnwLG3tMNSllhsLn3RSShj2NPw=",
      "engines": {
        "node": ">= 0.8"
      }
    },
    "node_modules/ws": {
      "version": "8.2.3",
      "resolved": "https://registry.npmjs.org/ws/-/ws-8.2.3.tgz",
      "integrity": "sha512-wBuoj1BDpC6ZQ1B7DWQBYVLphPWkm8i9Y0/3YdHjHKHiohOJ1ws+3OccDWtH+PoC9DZD5WOTrJvNbWvjS6JWaA==",
      "engines": {
        "node": ">=10.0.0"
      },
      "peerDependencies": {
        "bufferutil": "^4.0.1",
        "utf-8-validate": "^5.0.2"
      },
      "peerDependenciesMeta": {
        "bufferutil": {
          "optional": true
        },
        "utf-8-validate": {
          "optional": true
        }
      }
    },
    "node_modules/xmlhttprequest-ssl": {
      "version": "2.0.0",
      "resolved": "https://registry.npmjs.org/xmlhttprequest-ssl/-/xmlhttprequest-ssl-2.0.0.tgz",
      "integrity": "sha512-QKxVRxiRACQcVuQEYFsI1hhkrMlrXHPegbbd1yn9UHOmRxY+si12nQYzri3vbzt8VdTTRviqcKxcyllFas5z2A==",
      "engines": {
        "node": ">=0.4.0"
      }
    },
    "node_modules/xtend": {
      "version": "4.0.2",
      "resolved": "https://registry.npmjs.org/xtend/-/xtend-4.0.2.tgz",
      "integrity": "sha512-LKYU1iAXJXUgAXn9URjiu+MWhyUXHsvfp7mcuYm9dSUKK0/CjtrUwFAxD82/mCWbtLsGjFIad0wIsod4zrTAEQ==",
      "engines": {
        "node": ">=0.4"
      }
    },
    "node_modules/yeast": {
      "version": "0.1.2",
      "resolved": "https://registry.npmjs.org/yeast/-/yeast-0.1.2.tgz",
      "integrity": "sha1-AI4G2AlDIMNy28L47XagymyKxBk="
    }
  },
  "dependencies": {
    "@msgpack/msgpack": {
      "version": "2.8.0",
      "resolved": "https://registry.npmjs.org/@msgpack/msgpack/-/msgpack-2.8.0.tgz",
      "integrity": "sha512-h9u4u/jiIRKbq25PM+zymTyW6bhTzELvOoUd+AvYriWOAKpLGnIamaET3pnHYoI5iYphAHBI4ayx0MehR+VVPQ=="
    },
    "@socket.io/admin-ui": {
      "version": "0.5.1",
      "resolved": "https://registry.npmjs.org/@socket.io/admin-ui/-/admin-ui-0.5.1.tgz",
      "integrity": "sha512-1dlGL2FGm6T+uL1e6iDvbo2eCINwvW7iVbjIblwh5kPPRM1SP8lmZrbFZf4QNJ/cqQ+JLcx49eXGM9WAB4TK7w==",
      "requires": {
        "@types/bcryptjs": "^2.4.2",
        "bcryptjs": "^2.4.3",
        "debug": "~4.3.1"
      }
    },
    "@socket.io/component-emitter": {
      "version": "3.0.0",
      "resolved": "https://registry.npmjs.org/@socket.io/component-emitter/-/component-emitter-3.0.0.tgz",
      "integrity": "sha512-2pTGuibAXJswAPJjaKisthqS/NOK5ypG4LYT6tEAV0S/mxW0zOIvYvGK0V8w8+SHxAm6vRMSjqSalFXeBAqs+Q=="
    },
    "@socket.io/postgres-adapter": {
      "version": "0.3.1",
      "resolved": "https://registry.npmjs.org/@socket.io/postgres-adapter/-/postgres-adapter-0.3.1.tgz",
      "integrity": "sha512-8DeSln60sFSdoLL8A8p6nrXlER4lBsvMSAS+G4sqJhudQfGOjhu2AAcKyI/SIDs4p9iO63zTbR4n//ZY0VN2bg==",
      "requires": {
        "@msgpack/msgpack": "~2.8.0",
        "@types/pg": "^8.6.6",
        "debug": "~4.3.4",
        "pg": "^8.9.0"
      }
    },
    "@types/bcryptjs": {
      "version": "2.4.6",
      "resolved": "https://registry.npmjs.org/@types/bcryptjs/-/bcryptjs-2.4.6.tgz",
      "integrity": "sha512-9xlo6R2qDs5uixm0bcIqCeMCE6HiQsIyel9KQySStiyqNl2tnj2mP3DX1Nf56MD6KMenNNlBBsy3LJ7gUEQPXQ=="
    },
    "@types/component-emitter": {
      "version": "1.2.11",
      "resolved": "https://registry.npmjs.org/@types/component-emitter/-/component-emitter-1.2.11.tgz",
      "integrity": "sha512-SRXjM+tfsSlA9VuG8hGO2nft2p8zjXCK1VcC6N4NXbBbYbSia9kzCChYQajIjzIqOOOuh5Ock6MmV2oux4jDZQ=="
    },
    "@types/cookie": {
      "version": "0.4.1",
      "resolved": "https://registry.npmjs.org/@types/cookie/-/cookie-0.4.1.tgz",
      "integrity": "sha512-XW/Aa8APYr6jSVVA1y/DEIZX0/GMKLEVekNG727R8cs56ahETkRAy/3DR7+fJyh7oUgGwNQaRfXCun0+KbWY7Q=="
    },
    "@types/cors": {
      "version": "2.8.12",
      "resolved": "https://registry.npmjs.org/@types/cors/-/cors-2.8.12.tgz",
      "integrity": "sha512-vt+kDhq/M2ayberEtJcIN/hxXy1Pk+59g2FV/ZQceeaTyCtCucjL2Q7FXlFjtWn4n15KCr1NE2lNNFhp0lEThw=="
    },
    "@types/node": {
      "version": "16.11.11",
      "resolved": "https://registry.npmjs.org/@types/node/-/node-16.11.11.tgz",
      "integrity": "sha512-KB0sixD67CeecHC33MYn+eYARkqTheIRNuu97y2XMjR7Wu3XibO1vaY6VBV6O/a89SPI81cEUIYT87UqUWlZNw=="
    },
    "@types/pg": {
      "version": "8.10.9",
      "resolved": "https://registry.npmjs.org/@types/pg/-/pg-8.10.9.tgz",
      "integrity": "sha512-UksbANNE/f8w0wOMxVKKIrLCbEMV+oM1uKejmwXr39olg4xqcfBDbXxObJAt6XxHbDa4XTKOlUEcEltXDX+XLQ==",
      "requires": {
        "@types/node": "*",
        "pg-protocol": "*",
        "pg-types": "^4.0.1"
      }
    },
    "accepts": {
      "version": "1.3.7",
      "resolved": "https://registry.npmjs.org/accepts/-/accepts-1.3.7.tgz",
      "integrity": "sha512-Il80Qs2WjYlJIBNzNkK6KYqlVMTbZLXgHx2oT0pU/fjRHyEp+PEfEPY0R3WCwAGVOtauxh1hOxNgIf5bv7dQpA==",
      "requires": {
        "mime-types": "~2.1.24",
        "negotiator": "0.6.2"
      }
    },
    "backo2": {
      "version": "1.0.2",
      "resolved": "https://registry.npmjs.org/backo2/-/backo2-1.0.2.tgz",
      "integrity": "sha1-MasayLEpNjRj41s+u2n038+6eUc="
    },
    "base64-arraybuffer": {
      "version": "1.0.1",
      "resolved": "https://registry.npmjs.org/base64-arraybuffer/-/base64-arraybuffer-1.0.1.tgz",
      "integrity": "sha512-vFIUq7FdLtjZMhATwDul5RZWv2jpXQ09Pd6jcVEOvIsqCWTRFD/ONHNfyOS8dA/Ippi5dsIgpyKWKZaAKZltbA=="
    },
    "base64id": {
      "version": "2.0.0",
      "resolved": "https://registry.npmjs.org/base64id/-/base64id-2.0.0.tgz",
      "integrity": "sha512-lGe34o6EHj9y3Kts9R4ZYs/Gr+6N7MCaMlIFA3F1R2O5/m7K06AxfSeO5530PEERE6/WyEg3lsuyw4GHlPZHog=="
    },
    "bcryptjs": {
      "version": "2.4.3",
      "resolved": "https://registry.npmjs.org/bcryptjs/-/bcryptjs-2.4.3.tgz",
      "integrity": "sha512-V/Hy/X9Vt7f3BbPJEi8BdVFMByHi+jNXrYkW3huaybV/kQ0KJg0Y6PkEMbn+zeT+i+SiKZ/HMqJGIIt4LZDqNQ=="
    },
    "buffer-writer": {
      "version": "2.0.0",
      "resolved": "https://registry.npmjs.org/buffer-writer/-/buffer-writer-2.0.0.tgz",
      "integrity": "sha512-a7ZpuTZU1TRtnwyCNW3I5dc0wWNC3VR9S++Ewyk2HHZdrO3CQJqSpd+95Us590V6AL7JqUAH2IwZ/398PmNFgw=="
    },
    "component-emitter": {
      "version": "1.3.0",
      "resolved": "https://registry.npmjs.org/component-emitter/-/component-emitter-1.3.0.tgz",
      "integrity": "sha512-Rd3se6QB+sO1TwqZjscQrurpEPIfO0/yYnSin6Q/rD3mOutHvUrCAhJub3r90uNb+SESBuE0QYoB90YdfatsRg=="
    },
    "cookie": {
      "version": "0.4.1",
      "resolved": "https://registry.npmjs.org/cookie/-/cookie-0.4.1.tgz",
      "integrity": "sha512-ZwrFkGJxUR3EIoXtO+yVE69Eb7KlixbaeAWfBQB9vVsNn/o+Yw69gBWSSDK825hQNdN+wF8zELf3dFNl/kxkUA=="
    },
    "cors": {
      "version": "2.8.5",
      "resolved": "https://registry.npmjs.org/cors/-/cors-2.8.5.tgz",
      "integrity": "sha512-KIHbLJqu73RGr/hnbrO9uBeixNGuvSQjul/jdFvS/KFSIH1hWVd1ng7zOHx+YrEfInLG7q4n6GHQ9cDtxv/P6g==",
      "requires": {
        "object-assign": "^4",
        "vary": "^1"
      }
    },
    "debug": {
      "version": "4.3.4",
      "resolved": "https://registry.npmjs.org/debug/-/debug-4.3.4.tgz",
      "integrity": "sha512-PRWFHuSU3eDtQJPvnNY7Jcket1j0t5OuOsFzPPzsekD52Zl8qUfFIPEiswXqIvHWGVHOgX+7G/vCNNhehwxfkQ==",
      "requires": {
        "ms": "2.1.2"
      }
    },
    "eiows": {
      "version": "3.8.0",
      "resolved": "https://registry.npmjs.org/eiows/-/eiows-3.8.0.tgz",
      "integrity": "sha512-ElPW+EakV8NSsA5QWJCWEx88LO/xyqMFilvsZ4P9+uyVS4ikbq2zndnYC++XLKysC+c922bGkAKeNrqWNmwNyg=="
    },
    "engine.io": {
      "version": "6.1.0",
      "resolved": "https://registry.npmjs.org/engine.io/-/engine.io-6.1.0.tgz",
      "integrity": "sha512-ErhZOVu2xweCjEfYcTdkCnEYUiZgkAcBBAhW4jbIvNG8SLU3orAqoJCiytZjYF7eTpVmmCrLDjLIEaPlUAs1uw==",
      "requires": {
        "@types/cookie": "^0.4.1",
        "@types/cors": "^2.8.12",
        "@types/node": ">=10.0.0",
        "accepts": "~1.3.4",
        "base64id": "2.0.0",
        "cookie": "~0.4.1",
        "cors": "~2.8.5",
        "debug": "~4.3.1",
        "engine.io-parser": "~5.0.0",
        "ws": "~8.2.3"
      }
    },
    "engine.io-client": {
      "version": "6.1.1",
      "resolved": "https://registry.npmjs.org/engine.io-client/-/engine.io-client-6.1.1.tgz",
      "integrity": "sha512-V05mmDo4gjimYW+FGujoGmmmxRaDsrVr7AXA3ZIfa04MWM1jOfZfUwou0oNqhNwy/votUDvGDt4JA4QF4e0b4g==",
      "requires": {
        "@socket.io/component-emitter": "~3.0.0",
        "debug": "~4.3.1",
        "engine.io-parser": "~5.0.0",
        "has-cors": "1.1.0",
        "parseqs": "0.0.6",
        "parseuri": "0.0.6",
        "ws": "~8.2.3",
        "xmlhttprequest-ssl": "~2.0.0",
        "yeast": "0.1.2"
      }
    },
    "engine.io-parser": {
      "version": "5.0.2",
      "resolved": "https://registry.npmjs.org/engine.io-parser/-/engine.io-parser-5.0.2.tgz",
      "integrity": "sha512-wuiO7qO/OEkPJSFueuATIXtrxF7/6GTbAO9QLv7nnbjwZ5tYhLm9zxvLwxstRs0dcT0KUlWTjtIOs1T86jt12g==",
      "requires": {
        "base64-arraybuffer": "~1.0.1"
      }
    },
    "has-cors": {
      "version": "1.1.0",
      "resolved": "https://registry.npmjs.org/has-cors/-/has-cors-1.1.0.tgz",
      "integrity": "sha1-XkdHk/fqmEPRu5nCPu9J/xJv/zk="
    },
    "mime-db": {
      "version": "1.51.0",
      "resolved": "https://registry.npmjs.org/mime-db/-/mime-db-1.51.0.tgz",
      "integrity": "sha512-5y8A56jg7XVQx2mbv1lu49NR4dokRnhZYTtL+KGfaa27uq4pSTXkwQkFJl4pkRMyNFz/EtYDSkiiEHx3F7UN6g=="
    },
    "mime-types": {
      "version": "2.1.34",
      "resolved": "https://registry.npmjs.org/mime-types/-/mime-types-2.1.34.tgz",
      "integrity": "sha512-6cP692WwGIs9XXdOO4++N+7qjqv0rqxxVvJ3VHPh/Sc9mVZcQP+ZGhkKiTvWMQRr2tbHkJP/Yn7Y0npb3ZBs4A==",
      "requires": {
        "mime-db": "1.51.0"
      }
    },
    "ms": {
      "version": "2.1.2",
      "resolved": "https://registry.npmjs.org/ms/-/ms-2.1.2.tgz",
      "integrity": "sha512-sGkPx+VjMtmA6MX27oA4FBFELFCZZ4S4XqeGOXCv68tT+jb3vk/RyaKWP0PTKyWtmLSM0b+adUTEvbs1PEaH2w=="
    },
    "negotiator": {
      "version": "0.6.2",
      "resolved": "https://registry.npmjs.org/negotiator/-/negotiator-0.6.2.tgz",
      "integrity": "sha512-hZXc7K2e+PgeI1eDBe/10Ard4ekbfrrqG8Ep+8Jmf4JID2bNg7NvCPOZN+kfF574pFQI7mum2AUqDidoKqcTOw=="
    },
    "object-assign": {
      "version": "4.1.1",
      "resolved": "https://registry.npmjs.org/object-assign/-/object-assign-4.1.1.tgz",
      "integrity": "sha1-IQmtx5ZYh8/AXLvUQsrIv7s2CGM="
    },
    "obuf": {
      "version": "1.1.2",
      "resolved": "https://registry.npmjs.org/obuf/-/obuf-1.1.2.tgz",
      "integrity": "sha512-PX1wu0AmAdPqOL1mWhqmlOd8kOIZQwGZw6rh7uby9fTc5lhaOWFLX3I6R1hrF9k3zUY40e6igsLGkDXK92LJNg=="
    },
    "packet-reader": {
      "version": "1.0.0",
      "resolved": "https://registry.npmjs.org/packet-reader/-/packet-reader-1.0.0.tgz",
      "integrity": "sha512-HAKu/fG3HpHFO0AA8WE8q2g+gBJaZ9MG7fcKk+IJPLTGAD6Psw4443l+9DGRbOIh3/aXr7Phy0TjilYivJo5XQ=="
    },
    "parseqs": {
      "version": "0.0.6",
      "resolved": "https://registry.npmjs.org/parseqs/-/parseqs-0.0.6.tgz",
      "integrity": "sha512-jeAGzMDbfSHHA091hr0r31eYfTig+29g3GKKE/PPbEQ65X0lmMwlEoqmhzu0iztID5uJpZsFlUPDP8ThPL7M8w=="
    },
    "parseuri": {
      "version": "0.0.6",
      "resolved": "https://registry.npmjs.org/parseuri/-/parseuri-0.0.6.tgz",
      "integrity": "sha512-AUjen8sAkGgao7UyCX6Ahv0gIK2fABKmYjvP4xmy5JaKvcbTRueIqIPHLAfq30xJddqSE033IOMUSOMCcK3Sow=="
    },
    "pg": {
      "version": "8.11.3",
      "resolved": "https://registry.npmjs.org/pg/-/pg-8.11.3.tgz",
      "integrity": "sha512-+9iuvG8QfaaUrrph+kpF24cXkH1YOOUeArRNYIxq1viYHZagBxrTno7cecY1Fa44tJeZvaoG+Djpkc3JwehN5g==",
      "requires": {
        "buffer-writer": "2.0.0",
        "packet-reader": "1.0.0",
        "pg-cloudflare": "^1.1.1",
        "pg-connection-string": "^2.6.2",
        "pg-pool": "^3.6.1",
        "pg-protocol": "^1.6.0",
        "pg-types": "^2.1.0",
        "pgpass": "1.x"
      },
      "dependencies": {
        "pg-types": {
          "version": "2.2.0",
          "resolved": "https://registry.npmjs.org/pg-types/-/pg-types-2.2.0.tgz",
          "integrity": "sha512-qTAAlrEsl8s4OiEQY69wDvcMIdQN6wdz5ojQiOy6YRMuynxenON0O5oCpJI6lshc6scgAY8qvJ2On/p+CXY0GA==",
          "requires": {
            "pg-int8": "1.0.1",
            "postgres-array": "~2.0.0",
            "postgres-bytea": "~1.0.0",
            "postgres-date": "~1.0.4",
            "postgres-interval": "^1.1.0"
          }
        },
        "postgres-array": {
          "version": "2.0.0",
          "resolved": "https://registry.npmjs.org/postgres-array/-/postgres-array-2.0.0.tgz",
          "integrity": "sha512-VpZrUqU5A69eQyW2c5CA1jtLecCsN2U/bD6VilrFDWq5+5UIEVO7nazS3TEcHf1zuPYO/sqGvUvW62g86RXZuA=="
        },
        "postgres-bytea": {
          "version": "1.0.0",
          "resolved": "https://registry.npmjs.org/postgres-bytea/-/postgres-bytea-1.0.0.tgz",
          "integrity": "sha512-xy3pmLuQqRBZBXDULy7KbaitYqLcmxigw14Q5sj8QBVLqEwXfeybIKVWiqAXTlcvdvb0+xkOtDbfQMOf4lST1w=="
        },
        "postgres-date": {
          "version": "1.0.7",
          "resolved": "https://registry.npmjs.org/postgres-date/-/postgres-date-1.0.7.tgz",
          "integrity": "sha512-suDmjLVQg78nMK2UZ454hAG+OAW+HQPZ6n++TNDUX+L0+uUlLywnoxJKDou51Zm+zTCjrCl0Nq6J9C5hP9vK/Q=="
        },
        "postgres-interval": {
          "version": "1.2.0",
          "resolved": "https://registry.npmjs.org/postgres-interval/-/postgres-interval-1.2.0.tgz",
          "integrity": "sha512-9ZhXKM/rw350N1ovuWHbGxnGh/SNJ4cnxHiM0rxE4VN41wsg8P8zWn9hv/buK00RP4WvlOyr/RBDiptyxVbkZQ==",
          "requires": {
            "xtend": "^4.0.0"
          }
        }
      }
    },
    "pg-cloudflare": {
      "version": "1.1.1",
      "resolved": "https://registry.npmjs.org/pg-cloudflare/-/pg-cloudflare-1.1.1.tgz",
      "integrity": "sha512-xWPagP/4B6BgFO+EKz3JONXv3YDgvkbVrGw2mTo3D6tVDQRh1e7cqVGvyR3BE+eQgAvx1XhW/iEASj4/jCWl3Q==",
      "optional": true
    },
    "pg-connection-string": {
      "version": "2.6.2",
      "resolved": "https://registry.npmjs.org/pg-connection-string/-/pg-connection-string-2.6.2.tgz",
      "integrity": "sha512-ch6OwaeaPYcova4kKZ15sbJ2hKb/VP48ZD2gE7i1J+L4MspCtBMAx8nMgz7bksc7IojCIIWuEhHibSMFH8m8oA=="
    },
    "pg-int8": {
      "version": "1.0.1",
      "resolved": "https://registry.npmjs.org/pg-int8/-/pg-int8-1.0.1.tgz",
      "integrity": "sha512-WCtabS6t3c8SkpDBUlb1kjOs7l66xsGdKpIPZsg4wR+B3+u9UAum2odSsF9tnvxg80h4ZxLWMy4pRjOsFIqQpw=="
    },
    "pg-numeric": {
      "version": "1.0.2",
      "resolved": "https://registry.npmjs.org/pg-numeric/-/pg-numeric-1.0.2.tgz",
      "integrity": "sha512-BM/Thnrw5jm2kKLE5uJkXqqExRUY/toLHda65XgFTBTFYZyopbKjBe29Ii3RbkvlsMoFwD+tHeGaCjjv0gHlyw=="
    },
    "pg-pool": {
      "version": "3.6.1",
      "resolved": "https://registry.npmjs.org/pg-pool/-/pg-pool-3.6.1.tgz",
      "integrity": "sha512-jizsIzhkIitxCGfPRzJn1ZdcosIt3pz9Sh3V01fm1vZnbnCMgmGl5wvGGdNN2EL9Rmb0EcFoCkixH4Pu+sP9Og=="
    },
    "pg-protocol": {
      "version": "1.6.0",
      "resolved": "https://registry.npmjs.org/pg-protocol/-/pg-protocol-1.6.0.tgz",
      "integrity": "sha512-M+PDm637OY5WM307051+bsDia5Xej6d9IR4GwJse1qA1DIhiKlksvrneZOYQq42OM+spubpcNYEo2FcKQrDk+Q=="
    },
    "pg-types": {
      "version": "4.0.1",
      "resolved": "https://registry.npmjs.org/pg-types/-/pg-types-4.0.1.tgz",
      "integrity": "sha512-hRCSDuLII9/LE3smys1hRHcu5QGcLs9ggT7I/TCs0IE+2Eesxi9+9RWAAwZ0yaGjxoWICF/YHLOEjydGujoJ+g==",
      "requires": {
        "pg-int8": "1.0.1",
        "pg-numeric": "1.0.2",
        "postgres-array": "~3.0.1",
        "postgres-bytea": "~3.0.0",
        "postgres-date": "~2.0.1",
        "postgres-interval": "^3.0.0",
        "postgres-range": "^1.1.1"
      }
    },
    "pgpass": {
      "version": "1.0.5",
      "resolved": "https://registry.npmjs.org/pgpass/-/pgpass-1.0.5.tgz",
      "integrity": "sha512-FdW9r/jQZhSeohs1Z3sI1yxFQNFvMcnmfuj4WBMUTxOrAyLMaTcE1aAMBiTlbMNaXvBCQuVi0R7hd8udDSP7ug==",
      "requires": {
        "split2": "^4.1.0"
      }
    },
    "postgres-array": {
      "version": "3.0.2",
      "resolved": "https://registry.npmjs.org/postgres-array/-/postgres-array-3.0.2.tgz",
      "integrity": "sha512-6faShkdFugNQCLwucjPcY5ARoW1SlbnrZjmGl0IrrqewpvxvhSLHimCVzqeuULCbG0fQv7Dtk1yDbG3xv7Veog=="
    },
    "postgres-bytea": {
      "version": "3.0.0",
      "resolved": "https://registry.npmjs.org/postgres-bytea/-/postgres-bytea-3.0.0.tgz",
      "integrity": "sha512-CNd4jim9RFPkObHSjVHlVrxoVQXz7quwNFpz7RY1okNNme49+sVyiTvTRobiLV548Hx/hb1BG+iE7h9493WzFw==",
      "requires": {
        "obuf": "~1.1.2"
      }
    },
    "postgres-date": {
      "version": "2.0.1",
      "resolved": "https://registry.npmjs.org/postgres-date/-/postgres-date-2.0.1.tgz",
      "integrity": "sha512-YtMKdsDt5Ojv1wQRvUhnyDJNSr2dGIC96mQVKz7xufp07nfuFONzdaowrMHjlAzY6GDLd4f+LUHHAAM1h4MdUw=="
    },
    "postgres-interval": {
      "version": "3.0.0",
      "resolved": "https://registry.npmjs.org/postgres-interval/-/postgres-interval-3.0.0.tgz",
      "integrity": "sha512-BSNDnbyZCXSxgA+1f5UU2GmwhoI0aU5yMxRGO8CdFEcY2BQF9xm/7MqKnYoM1nJDk8nONNWDk9WeSmePFhQdlw=="
    },
    "postgres-range": {
      "version": "1.1.3",
      "resolved": "https://registry.npmjs.org/postgres-range/-/postgres-range-1.1.3.tgz",
      "integrity": "sha512-VdlZoocy5lCP0c/t66xAfclglEapXPCIVhqqJRncYpvbCgImF0w67aPKfbqUMr72tO2k5q0TdTZwCLjPTI6C9g=="
    },
    "socket.io": {
      "version": "4.4.0",
      "resolved": "https://registry.npmjs.org/socket.io/-/socket.io-4.4.0.tgz",
      "integrity": "sha512-bnpJxswR9ov0Bw6ilhCvO38/1WPtE3eA2dtxi2Iq4/sFebiDJQzgKNYA7AuVVdGW09nrESXd90NbZqtDd9dzRQ==",
      "requires": {
        "accepts": "~1.3.4",
        "base64id": "~2.0.0",
        "debug": "~4.3.2",
        "engine.io": "~6.1.0",
        "socket.io-adapter": "~2.3.3",
        "socket.io-parser": "~4.0.4"
      }
    },
    "socket.io-adapter": {
      "version": "2.3.3",
      "resolved": "https://registry.npmjs.org/socket.io-adapter/-/socket.io-adapter-2.3.3.tgz",
      "integrity": "sha512-Qd/iwn3VskrpNO60BeRyCyr8ZWw9CPZyitW4AQwmRZ8zCiyDiL+znRnWX6tDHXnWn1sJrM1+b6Mn6wEDJJ4aYQ=="
    },
    "socket.io-client": {
      "version": "4.4.0",
      "resolved": "https://registry.npmjs.org/socket.io-client/-/socket.io-client-4.4.0.tgz",
      "integrity": "sha512-g7riSEJXi7qCFImPow98oT8X++MSsHz6MMFRXkWNJ6uEROSHOa3kxdrsYWMq85dO+09CFMkcqlpjvbVXQl4z6g==",
      "requires": {
        "@socket.io/component-emitter": "~3.0.0",
        "backo2": "~1.0.2",
        "debug": "~4.3.2",
        "engine.io-client": "~6.1.1",
        "parseuri": "0.0.6",
        "socket.io-parser": "~4.1.1"
      },
      "dependencies": {
        "socket.io-parser": {
          "version": "4.1.1",
          "resolved": "https://registry.npmjs.org/socket.io-parser/-/socket.io-parser-4.1.1.tgz",
          "integrity": "sha512-USQVLSkDWE5nbcY760ExdKaJxCE65kcsG/8k5FDGZVVxpD1pA7hABYXYkCUvxUuYYh/+uQw0N/fvBzfT8o07KA==",
          "requires": {
            "@socket.io/component-emitter": "~3.0.0",
            "debug": "~4.3.1"
          }
        }
      }
    },
    "socket.io-parser": {
      "version": "4.0.4",
      "resolved": "https://registry.npmjs.org/socket.io-parser/-/socket.io-parser-4.0.4.tgz",
      "integrity": "sha512-t+b0SS+IxG7Rxzda2EVvyBZbvFPBCjJoyHuE0P//7OAsN23GItzDRdWa6ALxZI/8R5ygK7jAR6t028/z+7295g==",
      "requires": {
        "@types/component-emitter": "^1.2.10",
        "component-emitter": "~1.3.0",
        "debug": "~4.3.1"
      }
    },
    "split2": {
      "version": "4.2.0",
      "resolved": "https://registry.npmjs.org/split2/-/split2-4.2.0.tgz",
      "integrity": "sha512-UcjcJOWknrNkF6PLX83qcHM6KHgVKNkV62Y8a5uYDVv9ydGQVwAHMKqHdJje1VTWpljG0WYpCDhrCdAOYH4TWg=="
    },
    "uWebSockets.js": {
      "version": "git+ssh://git@github.com/uNetworking/uWebSockets.js.git#65f39bdff763be3883e6cf18e433dd4fec155845",
      "integrity": "sha512-GsguWAmL1cBg41I3dD28fPPSfyW+r3nB0D3z8QoxypPoDYnx205PO0bafwM1zTXjafagWFWCFvFhFJ9rxl9HpQ==",
      "from": "uWebSockets.js@github:uNetworking/uWebSockets.js#v20.4.0"
    },
    "vary": {
      "version": "1.1.2",
      "resolved": "https://registry.npmjs.org/vary/-/vary-1.1.2.tgz",
      "integrity": "sha1-IpnwLG3tMNSllhsLn3RSShj2NPw="
    },
    "ws": {
      "version": "8.2.3",
      "resolved": "https://registry.npmjs.org/ws/-/ws-8.2.3.tgz",
      "integrity": "sha512-wBuoj1BDpC6ZQ1B7DWQBYVLphPWkm8i9Y0/3YdHjHKHiohOJ1ws+3OccDWtH+PoC9DZD5WOTrJvNbWvjS6JWaA=="
    },
    "xmlhttprequest-ssl": {
      "version": "2.0.0",
      "resolved": "https://registry.npmjs.org/xmlhttprequest-ssl/-/xmlhttprequest-ssl-2.0.0.tgz",
      "integrity": "sha512-QKxVRxiRACQcVuQEYFsI1hhkrMlrXHPegbbd1yn9UHOmRxY+si12nQYzri3vbzt8VdTTRviqcKxcyllFas5z2A=="
    },
    "xtend": {
      "version": "4.0.2",
      "resolved": "https://registry.npmjs.org/xtend/-/xtend-4.0.2.tgz",
      "integrity": "sha512-LKYU1iAXJXUgAXn9URjiu+MWhyUXHsvfp7mcuYm9dSUKK0/CjtrUwFAxD82/mCWbtLsGjFIad0wIsod4zrTAEQ=="
    },
    "yeast": {
      "version": "0.1.2",
      "resolved": "https://registry.npmjs.org/yeast/-/yeast-0.1.2.tgz",
      "integrity": "sha1-AI4G2AlDIMNy28L47XagymyKxBk="
    }
  }
}
